
Microsoft Visual Studio Solution File, Format Version 12.00
# Visual Studio Version 17
VisualStudioVersion = 17.3.32804.467
MinimumVisualStudioVersion = 10.0.40219.1
Project("{9A19103F-16F7-4668-BE54-9A1E7A4F7556}") = "CRM.API", "CRM.API\CRM.API.csproj", "{5E623283-073A-4474-9226-B2C5FCDDC0C7}"
EndProject
Project("{9A19103F-16F7-4668-BE54-9A1E7A4F7556}") = "CRM.Services", "CRM.Services\CRM.Services.csproj", "{E450F673-A019-4F39-96AE-93FC7B583E14}"
EndProject
Project("{9A19103F-16F7-4668-BE54-9A1E7A4F7556}") = "CRM.Common", "CRM.Common\CRM.Common.csproj", "{F28D2D76-2717-46B9-BEDF-6C8C6EEFD3CE}"
EndProject
Project("{9A19103F-16F7-4668-BE54-9A1E7A4F7556}") = "CRM.DataAccess", "CRM.DataAccess\CRM.DataAccess.csproj", "{4A780C6F-B939-4392-8F4B-99B0AF276A4B}"
EndProject
Project("{2150E333-8FDC-42A3-9474-1A3956D46DE8}") = "Solution Items", "Solution Items", "{9D260052-7303-4688-B916-19431577CB31}"
	ProjectSection(SolutionItems) = preProject
		.editorconfig = .editorconfig
	EndProjectSection
EndProject
Global
	GlobalSection(SolutionConfigurationPlatforms) = preSolution
		Debug|Any CPU = Debug|Any CPU
		Release|Any CPU = Release|Any CPU
	EndGlobalSection
	GlobalSection(ProjectConfigurationPlatforms) = postSolution
		{5E623283-073A-4474-9226-B2C5FCDDC0C7}.Debug|Any CPU.ActiveCfg = Debug|Any CPU
		{5E623283-073A-4474-9226-B2C5FCDDC0C7}.Debug|Any CPU.Build.0 = Debug|Any CPU
		{5E623283-073A-4474-9226-B2C5FCDDC0C7}.Release|Any CPU.ActiveCfg = Release|Any CPU
		{5E623283-073A-4474-9226-B2C5FCDDC0C7}.Release|Any CPU.Build.0 = Release|Any CPU
		{E450F673-A019-4F39-96AE-93FC7B583E14}.Debug|Any CPU.ActiveCfg = Debug|Any CPU
		{E450F673-A019-4F39-96AE-93FC7B583E14}.Debug|Any CPU.Build.0 = Debug|Any CPU
		{E450F673-A019-4F39-96AE-93FC7B583E14}.Release|Any CPU.ActiveCfg = Release|Any CPU
		{E450F673-A019-4F39-96AE-93FC7B583E14}.Release|Any CPU.Build.0 = Release|Any CPU
		{F28D2D76-2717-46B9-BEDF-6C8C6EEFD3CE}.Debug|Any CPU.ActiveCfg = Debug|Any CPU
		{F28D2D76-2717-46B9-BEDF-6C8C6EEFD3CE}.Debug|Any CPU.Build.0 = Debug|Any CPU
		{F28D2D76-2717-46B9-BEDF-6C8C6EEFD3CE}.Release|Any CPU.ActiveCfg = Release|Any CPU
		{F28D2D76-2717-46B9-BEDF-6C8C6EEFD3CE}.Release|Any CPU.Build.0 = Release|Any CPU
		{4A780C6F-B939-4392-8F4B-99B0AF276A4B}.Debug|Any CPU.ActiveCfg = Debug|Any CPU
		{4A780C6F-B939-4392-8F4B-99B0AF276A4B}.Debug|Any CPU.Build.0 = Debug|Any CPU
		{4A780C6F-B939-4392-8F4B-99B0AF276A4B}.Release|Any CPU.ActiveCfg = Release|Any CPU
		{4A780C6F-B939-4392-8F4B-99B0AF276A4B}.Release|Any CPU.Build.0 = Release|Any CPU
	EndGlobalSection
	GlobalSection(SolutionProperties) = preSolution
		HideSolutionNode = FALSE
	EndGlobalSection
	GlobalSection(ExtensibilityGlobals) = postSolution
		SolutionGuid = {2294FDD3-2C41-41A6-84AA-814D6113277F}
	EndGlobalSection
EndGlobal
